
Microsoft Visual Studio Solution File, Format Version 12.00
# Visual Studio Version 16
VisualStudioVersion = 16.0.29424.173
MinimumVisualStudioVersion = 10.0.40219.1
Project("{9A19103F-16F7-4668-BE54-9A1E7A4F7556}") = "ProductAPI", "ProductAPI.csproj", "{331533F3-93E6-4F19-92BC-286DB44E18A4}"
EndProject
Global
	GlobalSection(SolutionConfigurationPlatforms) = preSolution
		Debug|Any CPU = Debug|Any CPU
		Release|Any CPU = Release|Any CPU
	EndGlobalSection
	GlobalSection(ProjectConfigurationPlatforms) = postSolution
		{331533F3-93E6-4F19-92BC-286DB44E18A4}.Debug|Any CPU.ActiveCfg = Debug|Any CPU
		{331533F3-93E6-4F19-92BC-286DB44E18A4}.Debug|Any CPU.Build.0 = Debug|Any CPU
		{331533F3-93E6-4F19-92BC-286DB44E18A4}.Release|Any CPU.ActiveCfg = Release|Any CPU
		{331533F3-93E6-4F19-92BC-286DB44E18A4}.Release|Any CPU.Build.0 = Release|Any CPU
	EndGlobalSection
	GlobalSection(SolutionProperties) = preSolution
		HideSolutionNode = FALSE
	EndGlobalSection
	GlobalSection(ExtensibilityGlobals) = postSolution
		SolutionGuid = {98AA8899-7579-45A5-BF2C-22C9056A301D}
	EndGlobalSection
EndGlobal
